
Microsoft Visual Studio Solution File, Format Version 12.00
# Visual Studio Version 16
VisualStudioVersion = 16.0.28803.202
MinimumVisualStudioVersion = 10.0.40219.1
Project("{FAE04EC0-301F-11D3-BF4B-00C04F79EFBC}") = "AndroidAutomator", "AndroidAutomator\AndroidAutomator.csproj", "{93DADFF5-467C-4DC5-B23B-D524650D97F6}"
EndProject
Global
	GlobalSection(SolutionConfigurationPlatforms) = preSolution
		Debug|Any CPU = Debug|Any CPU
		Release|Any CPU = Release|Any CPU
	EndGlobalSection
	GlobalSection(ProjectConfigurationPlatforms) = postSolution
		{93DADFF5-467C-4DC5-B23B-D524650D97F6}.Debug|Any CPU.ActiveCfg = Debug|Any CPU
		{93DADFF5-467C-4DC5-B23B-D524650D97F6}.Debug|Any CPU.Build.0 = Debug|Any CPU
		{93DADFF5-467C-4DC5-B23B-D524650D97F6}.Release|Any CPU.ActiveCfg = Release|Any CPU
		{93DADFF5-467C-4DC5-B23B-D524650D97F6}.Release|Any CPU.Build.0 = Release|Any CPU
	EndGlobalSection
	GlobalSection(SolutionProperties) = preSolution
		HideSolutionNode = FALSE
	EndGlobalSection
	GlobalSection(ExtensibilityGlobals) = postSolution
		SolutionGuid = {66DBF5F1-86AE-449D-8BDE-C73E5B8C3032}
	EndGlobalSection
EndGlobal
